
Microsoft Visual Studio Solution File, Format Version 12.00
# Visual Studio Version 17
VisualStudioVersion = 17.3.32929.385
MinimumVisualStudioVersion = 10.0.40219.1
Project("{FAE04EC0-301F-11D3-BF4B-00C04F79EFBC}") = "GtaPJPGReplacer", "GtaPJPGReplacer.csproj", "{DCE25BEB-B722-4969-A865-99DB32C9791A}"
EndProject
Global
	GlobalSection(SolutionConfigurationPlatforms) = preSolution
		Debug|Any CPU = Debug|Any CPU
		Release|Any CPU = Release|Any CPU
	EndGlobalSection
	GlobalSection(ProjectConfigurationPlatforms) = postSolution
		{DCE25BEB-B722-4969-A865-99DB32C9791A}.Debug|Any CPU.ActiveCfg = Debug|Any CPU
		{DCE25BEB-B722-4969-A865-99DB32C9791A}.Debug|Any CPU.Build.0 = Debug|Any CPU
		{DCE25BEB-B722-4969-A865-99DB32C9791A}.Release|Any CPU.ActiveCfg = Release|Any CPU
		{DCE25BEB-B722-4969-A865-99DB32C9791A}.Release|Any CPU.Build.0 = Release|Any CPU
	EndGlobalSection
	GlobalSection(SolutionProperties) = preSolution
		HideSolutionNode = FALSE
	EndGlobalSection
	GlobalSection(ExtensibilityGlobals) = postSolution
		SolutionGuid = {74FE4D31-4A66-4EEE-B192-0B42644F315C}
	EndGlobalSection
EndGlobal
